
Microsoft Visual Studio Solution File, Format Version 12.00
# Visual Studio Version 17
VisualStudioVersion = 17.14.36414.22 d17.14
MinimumVisualStudioVersion = 10.0.40219.1
Project("{FAE04EC0-301F-11D3-BF4B-00C04F79EFBC}") = "SmartParkingSystem", "SmartParkingSystem\SmartParkingSystem.csproj", "{89D59BB9-2DA9-4243-A064-87342311AA50}"
EndProject
Global
	GlobalSection(SolutionConfigurationPlatforms) = preSolution
		Debug|Any CPU = Debug|Any CPU
		Release|Any CPU = Release|Any CPU
	EndGlobalSection
	GlobalSection(ProjectConfigurationPlatforms) = postSolution
		{89D59BB9-2DA9-4243-A064-87342311AA50}.Debug|Any CPU.ActiveCfg = Debug|Any CPU
		{89D59BB9-2DA9-4243-A064-87342311AA50}.Debug|Any CPU.Build.0 = Debug|Any CPU
		{89D59BB9-2DA9-4243-A064-87342311AA50}.Release|Any CPU.ActiveCfg = Release|Any CPU
		{89D59BB9-2DA9-4243-A064-87342311AA50}.Release|Any CPU.Build.0 = Release|Any CPU
	EndGlobalSection
	GlobalSection(SolutionProperties) = preSolution
		HideSolutionNode = FALSE
	EndGlobalSection
	GlobalSection(ExtensibilityGlobals) = postSolution
		SolutionGuid = {1E23023D-4E48-4141-972A-4214BD867A69}
	EndGlobalSection
EndGlobal
